
Microsoft Visual Studio Solution File, Format Version 12.00
# Visual Studio Version 17
VisualStudioVersion = 17.14.36518.9
MinimumVisualStudioVersion = 10.0.40219.1
Project("{FAE04EC0-301F-11D3-BF4B-00C04F79EFBC}") = "IMS", "IMS\IMS.csproj", "{C8B1D3C5-4A22-4B7D-97B1-C348F12290AA}"
EndProject
Project("{C7167F0D-BC9F-4E6E-AFE1-012C56B48DB5}") = "IMS.Package", "IMS_Package\IMS.Package.wapproj", "{AE0AF09F-3FC9-45BB-A425-EF918F7C1A96}"
EndProject
Project("{FAE04EC0-301F-11D3-BF4B-00C04F79EFBC}") = "IMS.test", "..\..\test\Frontend_test\IMS.test.csproj", "{7B04311C-656F-47B3-8C6E-3360DCA27594}"
EndProject
Global
	GlobalSection(SolutionConfigurationPlatforms) = preSolution
		Debug|Any CPU = Debug|Any CPU
		Debug|ARM = Debug|ARM
		Debug|ARM64 = Debug|ARM64
		Debug|x64 = Debug|x64
		Debug|x86 = Debug|x86
		Release|Any CPU = Release|Any CPU
		Release|ARM = Release|ARM
		Release|ARM64 = Release|ARM64
		Release|x64 = Release|x64
		Release|x86 = Release|x86
	EndGlobalSection
	GlobalSection(ProjectConfigurationPlatforms) = postSolution
		{C8B1D3C5-4A22-4B7D-97B1-C348F12290AA}.Debug|Any CPU.ActiveCfg = Debug|Any CPU
		{C8B1D3C5-4A22-4B7D-97B1-C348F12290AA}.Debug|Any CPU.Build.0 = Debug|Any CPU
		{C8B1D3C5-4A22-4B7D-97B1-C348F12290AA}.Debug|ARM.ActiveCfg = Debug|Any CPU
		{C8B1D3C5-4A22-4B7D-97B1-C348F12290AA}.Debug|ARM.Build.0 = Debug|Any CPU
		{C8B1D3C5-4A22-4B7D-97B1-C348F12290AA}.Debug|ARM64.ActiveCfg = Debug|Any CPU
		{C8B1D3C5-4A22-4B7D-97B1-C348F12290AA}.Debug|ARM64.Build.0 = Debug|Any CPU
		{C8B1D3C5-4A22-4B7D-97B1-C348F12290AA}.Debug|x64.ActiveCfg = Debug|Any CPU
		{C8B1D3C5-4A22-4B7D-97B1-C348F12290AA}.Debug|x64.Build.0 = Debug|Any CPU
		{C8B1D3C5-4A22-4B7D-97B1-C348F12290AA}.Debug|x86.ActiveCfg = Debug|Any CPU
		{C8B1D3C5-4A22-4B7D-97B1-C348F12290AA}.Debug|x86.Build.0 = Debug|Any CPU
		{C8B1D3C5-4A22-4B7D-97B1-C348F12290AA}.Release|Any CPU.ActiveCfg = Release|Any CPU
		{C8B1D3C5-4A22-4B7D-97B1-C348F12290AA}.Release|Any CPU.Build.0 = Release|Any CPU
		{C8B1D3C5-4A22-4B7D-97B1-C348F12290AA}.Release|ARM.ActiveCfg = Release|Any CPU
		{C8B1D3C5-4A22-4B7D-97B1-C348F12290AA}.Release|ARM.Build.0 = Release|Any CPU
		{C8B1D3C5-4A22-4B7D-97B1-C348F12290AA}.Release|ARM64.ActiveCfg = Release|Any CPU
		{C8B1D3C5-4A22-4B7D-97B1-C348F12290AA}.Release|ARM64.Build.0 = Release|Any CPU
		{C8B1D3C5-4A22-4B7D-97B1-C348F12290AA}.Release|x64.ActiveCfg = Release|Any CPU
		{C8B1D3C5-4A22-4B7D-97B1-C348F12290AA}.Release|x64.Build.0 = Release|Any CPU
		{C8B1D3C5-4A22-4B7D-97B1-C348F12290AA}.Release|x86.ActiveCfg = Release|Any CPU
		{C8B1D3C5-4A22-4B7D-97B1-C348F12290AA}.Release|x86.Build.0 = Release|Any CPU
		{AE0AF09F-3FC9-45BB-A425-EF918F7C1A96}.Debug|Any CPU.ActiveCfg = Debug|Any CPU
		{AE0AF09F-3FC9-45BB-A425-EF918F7C1A96}.Debug|Any CPU.Build.0 = Debug|Any CPU
		{AE0AF09F-3FC9-45BB-A425-EF918F7C1A96}.Debug|Any CPU.Deploy.0 = Debug|Any CPU
		{AE0AF09F-3FC9-45BB-A425-EF918F7C1A96}.Debug|ARM.ActiveCfg = Debug|ARM
		{AE0AF09F-3FC9-45BB-A425-EF918F7C1A96}.Debug|ARM.Build.0 = Debug|ARM
		{AE0AF09F-3FC9-45BB-A425-EF918F7C1A96}.Debug|ARM.Deploy.0 = Debug|ARM
		{AE0AF09F-3FC9-45BB-A425-EF918F7C1A96}.Debug|ARM64.ActiveCfg = Debug|ARM64
		{AE0AF09F-3FC9-45BB-A425-EF918F7C1A96}.Debug|ARM64.Build.0 = Debug|ARM64
		{AE0AF09F-3FC9-45BB-A425-EF918F7C1A96}.Debug|ARM64.Deploy.0 = Debug|ARM64
		{AE0AF09F-3FC9-45BB-A425-EF918F7C1A96}.Debug|x64.ActiveCfg = Debug|x64
		{AE0AF09F-3FC9-45BB-A425-EF918F7C1A96}.Debug|x64.Build.0 = Debug|x64
		{AE0AF09F-3FC9-45BB-A425-EF918F7C1A96}.Debug|x64.Deploy.0 = Debug|x64
		{AE0AF09F-3FC9-45BB-A425-EF918F7C1A96}.Debug|x86.ActiveCfg = Debug|x86
		{AE0AF09F-3FC9-45BB-A425-EF918F7C1A96}.Debug|x86.Build.0 = Debug|x86
		{AE0AF09F-3FC9-45BB-A425-EF918F7C1A96}.Debug|x86.Deploy.0 = Debug|x86
		{AE0AF09F-3FC9-45BB-A425-EF918F7C1A96}.Release|Any CPU.ActiveCfg = Release|Any CPU
		{AE0AF09F-3FC9-45BB-A425-EF918F7C1A96}.Release|Any CPU.Build.0 = Release|Any CPU
		{AE0AF09F-3FC9-45BB-A425-EF918F7C1A96}.Release|Any CPU.Deploy.0 = Release|Any CPU
		{AE0AF09F-3FC9-45BB-A425-EF918F7C1A96}.Release|ARM.ActiveCfg = Release|ARM
		{AE0AF09F-3FC9-45BB-A425-EF918F7C1A96}.Release|ARM.Build.0 = Release|ARM
		{AE0AF09F-3FC9-45BB-A425-EF918F7C1A96}.Release|ARM.Deploy.0 = Release|ARM
		{AE0AF09F-3FC9-45BB-A425-EF918F7C1A96}.Release|ARM64.ActiveCfg = Release|ARM64
		{AE0AF09F-3FC9-45BB-A425-EF918F7C1A96}.Release|ARM64.Build.0 = Release|ARM64
		{AE0AF09F-3FC9-45BB-A425-EF918F7C1A96}.Release|ARM64.Deploy.0 = Release|ARM64
		{AE0AF09F-3FC9-45BB-A425-EF918F7C1A96}.Release|x64.ActiveCfg = Release|x64
		{AE0AF09F-3FC9-45BB-A425-EF918F7C1A96}.Release|x64.Build.0 = Release|x64
		{AE0AF09F-3FC9-45BB-A425-EF918F7C1A96}.Release|x64.Deploy.0 = Release|x64
		{AE0AF09F-3FC9-45BB-A425-EF918F7C1A96}.Release|x86.ActiveCfg = Release|x86
		{AE0AF09F-3FC9-45BB-A425-EF918F7C1A96}.Release|x86.Build.0 = Release|x86
		{AE0AF09F-3FC9-45BB-A425-EF918F7C1A96}.Release|x86.Deploy.0 = Release|x86
		{7B04311C-656F-47B3-8C6E-3360DCA27594}.Debug|Any CPU.ActiveCfg = Debug|Any CPU
		{7B04311C-656F-47B3-8C6E-3360DCA27594}.Debug|Any CPU.Build.0 = Debug|Any CPU
		{7B04311C-656F-47B3-8C6E-3360DCA27594}.Debug|ARM.ActiveCfg = Debug|Any CPU
		{7B04311C-656F-47B3-8C6E-3360DCA27594}.Debug|ARM.Build.0 = Debug|Any CPU
		{7B04311C-656F-47B3-8C6E-3360DCA27594}.Debug|ARM64.ActiveCfg = Debug|Any CPU
		{7B04311C-656F-47B3-8C6E-3360DCA27594}.Debug|ARM64.Build.0 = Debug|Any CPU
		{7B04311C-656F-47B3-8C6E-3360DCA27594}.Debug|x64.ActiveCfg = Debug|Any CPU
		{7B04311C-656F-47B3-8C6E-3360DCA27594}.Debug|x64.Build.0 = Debug|Any CPU
		{7B04311C-656F-47B3-8C6E-3360DCA27594}.Debug|x86.ActiveCfg = Debug|Any CPU
		{7B04311C-656F-47B3-8C6E-3360DCA27594}.Debug|x86.Build.0 = Debug|Any CPU
		{7B04311C-656F-47B3-8C6E-3360DCA27594}.Release|Any CPU.ActiveCfg = Release|Any CPU
		{7B04311C-656F-47B3-8C6E-3360DCA27594}.Release|Any CPU.Build.0 = Release|Any CPU
		{7B04311C-656F-47B3-8C6E-3360DCA27594}.Release|ARM.ActiveCfg = Release|Any CPU
		{7B04311C-656F-47B3-8C6E-3360DCA27594}.Release|ARM.Build.0 = Release|Any CPU
		{7B04311C-656F-47B3-8C6E-3360DCA27594}.Release|ARM64.ActiveCfg = Release|Any CPU
		{7B04311C-656F-47B3-8C6E-3360DCA27594}.Release|ARM64.Build.0 = Release|Any CPU
		{7B04311C-656F-47B3-8C6E-3360DCA27594}.Release|x64.ActiveCfg = Release|Any CPU
		{7B04311C-656F-47B3-8C6E-3360DCA27594}.Release|x64.Build.0 = Release|Any CPU
		{7B04311C-656F-47B3-8C6E-3360DCA27594}.Release|x86.ActiveCfg = Release|Any CPU
		{7B04311C-656F-47B3-8C6E-3360DCA27594}.Release|x86.Build.0 = Release|Any CPU
	EndGlobalSection
	GlobalSection(SolutionProperties) = preSolution
		HideSolutionNode = FALSE
	EndGlobalSection
	GlobalSection(ExtensibilityGlobals) = postSolution
		SolutionGuid = {58FB79CB-89D1-431E-A97B-189CD4DE97E4}
	EndGlobalSection
EndGlobal
